
Microsoft Visual Studio Solution File, Format Version 12.00
# Visual Studio Version 16
VisualStudioVersion = 16.0.29318.209
MinimumVisualStudioVersion = 10.0.40219.1
Project("{9A19103F-16F7-4668-BE54-9A1E7A4F7556}") = "CiuchApp.ApiClient", "CiuchApp.ApiClient\CiuchApp.ApiClient.csproj", "{AD8E678C-071C-4E66-AFCC-2C61A575333A}"
EndProject
Project("{9A19103F-16F7-4668-BE54-9A1E7A4F7556}") = "CiuchApp.Dashboard", "CiuchApp.Dashboard\CiuchApp.Dashboard.csproj", "{60A5596C-CC3C-4D92-83C1-8E2EACFBD7BE}"
EndProject
Project("{9A19103F-16F7-4668-BE54-9A1E7A4F7556}") = "CiuchApp.DataContext", "CiuchApp.DataContext\CiuchApp.DataContext.csproj", "{7F3F96A0-0059-40BC-A864-2C8467AE29D9}"
EndProject
Project("{9A19103F-16F7-4668-BE54-9A1E7A4F7556}") = "CiuchApp.Domain", "CiuchApp.Domain\CiuchApp.Domain.csproj", "{C7F379DF-3B70-4AF5-9C3E-B44E40DB9426}"
EndProject
Project("{FAE04EC0-301F-11D3-BF4B-00C04F79EFBC}") = "CiuchApp.Domain.Tests", "CiuchApp.Domain.Tests\CiuchApp.Domain.Tests.csproj", "{D82E744B-CA7A-4F83-91A7-D327CFD3D2F4}"
EndProject
Project("{FAE04EC0-301F-11D3-BF4B-00C04F79EFBC}") = "CiuchApp.Excel", "CiuchApp.Excel\CiuchApp.Excel.csproj", "{64D8F912-9AC3-4C9A-ABC8-EDA4560876B9}"
EndProject
Project("{FAE04EC0-301F-11D3-BF4B-00C04F79EFBC}") = "CiuchApp.Excel.Tests", "CiuchApp.Excel.Tests\CiuchApp.Excel.Tests.csproj", "{C9A0ADD4-059B-45CA-A624-07C0688C7E03}"
EndProject
Project("{FAE04EC0-301F-11D3-BF4B-00C04F79EFBC}") = "CiuchApp.ImageAI", "CiuchApp.ImageAI\CiuchApp.ImageAI.csproj", "{C3253D4F-ABD9-4E2B-9A29-457DC841860B}"
EndProject
Project("{FAE04EC0-301F-11D3-BF4B-00C04F79EFBC}") = "CiuchApp.ImageAI.Tests", "CiuchApp.ImageAI.Tests\CiuchApp.ImageAI.Tests.csproj", "{FED75FF6-F07A-46C0-8A3C-1315615D538E}"
EndProject
Project("{9A19103F-16F7-4668-BE54-9A1E7A4F7556}") = "CiuchApp.Settings", "CiuchApp.Settings\CiuchApp.Settings.csproj", "{2D5A4728-11A2-486E-B876-EF3E38A6536D}"
EndProject
Project("{FAE04EC0-301F-11D3-BF4B-00C04F79EFBC}") = "CiuchApp.Settings.Tests", "CiuchApp.Settings.Tests\CiuchApp.Settings.Tests.csproj", "{EA3AB38D-9138-4259-A9DE-315452C47D81}"
EndProject
Project("{2150E333-8FDC-42A3-9474-1A3956D46DE8}") = "Solution Items", "Solution Items", "{C63F09EC-2535-49F6-B490-645F80F26FCB}"
	ProjectSection(SolutionItems) = preProject
		BusinessRequirements.txt = BusinessRequirements.txt
		KnownIssues+Instruction.txt = KnownIssues+Instruction.txt
		PLAN+TODO.txt = PLAN+TODO.txt
		Release+Deployment.txt = Release+Deployment.txt
	EndProjectSection
EndProject
Project("{FAE04EC0-301F-11D3-BF4B-00C04F79EFBC}") = "CiuchApp.Mobile.Android", "CiuchApp.Mobile\CiuchApp.Mobile.Android\CiuchApp.Mobile.Android.csproj", "{D0673FF8-0859-46C2-B152-E0763B3CB705}"
EndProject
Project("{FAE04EC0-301F-11D3-BF4B-00C04F79EFBC}") = "CiuchApp.Mobile.iOS", "CiuchApp.Mobile\CiuchApp.Mobile.iOS\CiuchApp.Mobile.iOS.csproj", "{198593FE-2BCD-47AB-8431-42DE63488989}"
EndProject
Project("{9A19103F-16F7-4668-BE54-9A1E7A4F7556}") = "CiuchApp.Mobile", "CiuchApp.Mobile\CiuchApp.Mobile\CiuchApp.Mobile.csproj", "{78866E8F-D45E-4125-8ED2-27744790C35A}"
EndProject
Project("{9A19103F-16F7-4668-BE54-9A1E7A4F7556}") = "CiuchApp.WebApi", "CiuchApp.WebApi\CiuchApp.WebApi.csproj", "{1B3AE5F0-DF4D-46C9-83BD-3D44F34E6052}"
EndProject
Project("{9A19103F-16F7-4668-BE54-9A1E7A4F7556}") = "CiuchApp.DataContext.Tests", "CiuchApp.DataContext.Tests\CiuchApp.DataContext.Tests.csproj", "{D71E2CE8-2DED-491E-8566-2EAFE3C99826}"
EndProject
Project("{FAE04EC0-301F-11D3-BF4B-00C04F79EFBC}") = "CiuchApp.Services", "CiuchApp.Services\CiuchApp.Services.csproj", "{C50B0DD6-AC01-40FB-BD65-301DB0FE0050}"
EndProject
Project("{FAE04EC0-301F-11D3-BF4B-00C04F79EFBC}") = "CiuchApp.DI", "CiuchApp.DI\CiuchApp.DI.csproj", "{B078D570-5844-4BC8-ABC3-9BF8BA7E0545}"
EndProject
Global
	GlobalSection(SolutionConfigurationPlatforms) = preSolution
		Debug|Any CPU = Debug|Any CPU
		Debug|iPhone = Debug|iPhone
		Debug|iPhoneSimulator = Debug|iPhoneSimulator
		Release|Any CPU = Release|Any CPU
		Release|iPhone = Release|iPhone
		Release|iPhoneSimulator = Release|iPhoneSimulator
	EndGlobalSection
	GlobalSection(ProjectConfigurationPlatforms) = postSolution
		{AD8E678C-071C-4E66-AFCC-2C61A575333A}.Debug|Any CPU.ActiveCfg = Debug|Any CPU
		{AD8E678C-071C-4E66-AFCC-2C61A575333A}.Debug|Any CPU.Build.0 = Debug|Any CPU
		{AD8E678C-071C-4E66-AFCC-2C61A575333A}.Debug|iPhone.ActiveCfg = Debug|Any CPU
		{AD8E678C-071C-4E66-AFCC-2C61A575333A}.Debug|iPhone.Build.0 = Debug|Any CPU
		{AD8E678C-071C-4E66-AFCC-2C61A575333A}.Debug|iPhoneSimulator.ActiveCfg = Debug|Any CPU
		{AD8E678C-071C-4E66-AFCC-2C61A575333A}.Debug|iPhoneSimulator.Build.0 = Debug|Any CPU
		{AD8E678C-071C-4E66-AFCC-2C61A575333A}.Release|Any CPU.ActiveCfg = Release|Any CPU
		{AD8E678C-071C-4E66-AFCC-2C61A575333A}.Release|Any CPU.Build.0 = Release|Any CPU
		{AD8E678C-071C-4E66-AFCC-2C61A575333A}.Release|iPhone.ActiveCfg = Release|Any CPU
		{AD8E678C-071C-4E66-AFCC-2C61A575333A}.Release|iPhone.Build.0 = Release|Any CPU
		{AD8E678C-071C-4E66-AFCC-2C61A575333A}.Release|iPhoneSimulator.ActiveCfg = Release|Any CPU
		{AD8E678C-071C-4E66-AFCC-2C61A575333A}.Release|iPhoneSimulator.Build.0 = Release|Any CPU
		{60A5596C-CC3C-4D92-83C1-8E2EACFBD7BE}.Debug|Any CPU.ActiveCfg = Debug|Any CPU
		{60A5596C-CC3C-4D92-83C1-8E2EACFBD7BE}.Debug|Any CPU.Build.0 = Debug|Any CPU
		{60A5596C-CC3C-4D92-83C1-8E2EACFBD7BE}.Debug|iPhone.ActiveCfg = Debug|Any CPU
		{60A5596C-CC3C-4D92-83C1-8E2EACFBD7BE}.Debug|iPhone.Build.0 = Debug|Any CPU
		{60A5596C-CC3C-4D92-83C1-8E2EACFBD7BE}.Debug|iPhoneSimulator.ActiveCfg = Debug|Any CPU
		{60A5596C-CC3C-4D92-83C1-8E2EACFBD7BE}.Debug|iPhoneSimulator.Build.0 = Debug|Any CPU
		{60A5596C-CC3C-4D92-83C1-8E2EACFBD7BE}.Release|Any CPU.ActiveCfg = Release|Any CPU
		{60A5596C-CC3C-4D92-83C1-8E2EACFBD7BE}.Release|Any CPU.Build.0 = Release|Any CPU
		{60A5596C-CC3C-4D92-83C1-8E2EACFBD7BE}.Release|iPhone.ActiveCfg = Release|Any CPU
		{60A5596C-CC3C-4D92-83C1-8E2EACFBD7BE}.Release|iPhone.Build.0 = Release|Any CPU
		{60A5596C-CC3C-4D92-83C1-8E2EACFBD7BE}.Release|iPhoneSimulator.ActiveCfg = Release|Any CPU
		{60A5596C-CC3C-4D92-83C1-8E2EACFBD7BE}.Release|iPhoneSimulator.Build.0 = Release|Any CPU
		{7F3F96A0-0059-40BC-A864-2C8467AE29D9}.Debug|Any CPU.ActiveCfg = Debug|Any CPU
		{7F3F96A0-0059-40BC-A864-2C8467AE29D9}.Debug|Any CPU.Build.0 = Debug|Any CPU
		{7F3F96A0-0059-40BC-A864-2C8467AE29D9}.Debug|iPhone.ActiveCfg = Debug|Any CPU
		{7F3F96A0-0059-40BC-A864-2C8467AE29D9}.Debug|iPhone.Build.0 = Debug|Any CPU
		{7F3F96A0-0059-40BC-A864-2C8467AE29D9}.Debug|iPhoneSimulator.ActiveCfg = Debug|Any CPU
		{7F3F96A0-0059-40BC-A864-2C8467AE29D9}.Debug|iPhoneSimulator.Build.0 = Debug|Any CPU
		{7F3F96A0-0059-40BC-A864-2C8467AE29D9}.Release|Any CPU.ActiveCfg = Release|Any CPU
		{7F3F96A0-0059-40BC-A864-2C8467AE29D9}.Release|Any CPU.Build.0 = Release|Any CPU
		{7F3F96A0-0059-40BC-A864-2C8467AE29D9}.Release|iPhone.ActiveCfg = Release|Any CPU
		{7F3F96A0-0059-40BC-A864-2C8467AE29D9}.Release|iPhone.Build.0 = Release|Any CPU
		{7F3F96A0-0059-40BC-A864-2C8467AE29D9}.Release|iPhoneSimulator.ActiveCfg = Release|Any CPU
		{7F3F96A0-0059-40BC-A864-2C8467AE29D9}.Release|iPhoneSimulator.Build.0 = Release|Any CPU
		{C7F379DF-3B70-4AF5-9C3E-B44E40DB9426}.Debug|Any CPU.ActiveCfg = Debug|Any CPU
		{C7F379DF-3B70-4AF5-9C3E-B44E40DB9426}.Debug|Any CPU.Build.0 = Debug|Any CPU
		{C7F379DF-3B70-4AF5-9C3E-B44E40DB9426}.Debug|iPhone.ActiveCfg = Debug|Any CPU
		{C7F379DF-3B70-4AF5-9C3E-B44E40DB9426}.Debug|iPhone.Build.0 = Debug|Any CPU
		{C7F379DF-3B70-4AF5-9C3E-B44E40DB9426}.Debug|iPhoneSimulator.ActiveCfg = Debug|Any CPU
		{C7F379DF-3B70-4AF5-9C3E-B44E40DB9426}.Debug|iPhoneSimulator.Build.0 = Debug|Any CPU
		{C7F379DF-3B70-4AF5-9C3E-B44E40DB9426}.Release|Any CPU.ActiveCfg = Release|Any CPU
		{C7F379DF-3B70-4AF5-9C3E-B44E40DB9426}.Release|Any CPU.Build.0 = Release|Any CPU
		{C7F379DF-3B70-4AF5-9C3E-B44E40DB9426}.Release|iPhone.ActiveCfg = Release|Any CPU
		{C7F379DF-3B70-4AF5-9C3E-B44E40DB9426}.Release|iPhone.Build.0 = Release|Any CPU
		{C7F379DF-3B70-4AF5-9C3E-B44E40DB9426}.Release|iPhoneSimulator.ActiveCfg = Release|Any CPU
		{C7F379DF-3B70-4AF5-9C3E-B44E40DB9426}.Release|iPhoneSimulator.Build.0 = Release|Any CPU
		{D82E744B-CA7A-4F83-91A7-D327CFD3D2F4}.Debug|Any CPU.ActiveCfg = Debug|Any CPU
		{D82E744B-CA7A-4F83-91A7-D327CFD3D2F4}.Debug|Any CPU.Build.0 = Debug|Any CPU
		{D82E744B-CA7A-4F83-91A7-D327CFD3D2F4}.Debug|iPhone.ActiveCfg = Debug|Any CPU
		{D82E744B-CA7A-4F83-91A7-D327CFD3D2F4}.Debug|iPhone.Build.0 = Debug|Any CPU
		{D82E744B-CA7A-4F83-91A7-D327CFD3D2F4}.Debug|iPhoneSimulator.ActiveCfg = Debug|Any CPU
		{D82E744B-CA7A-4F83-91A7-D327CFD3D2F4}.Debug|iPhoneSimulator.Build.0 = Debug|Any CPU
		{D82E744B-CA7A-4F83-91A7-D327CFD3D2F4}.Release|Any CPU.ActiveCfg = Release|Any CPU
		{D82E744B-CA7A-4F83-91A7-D327CFD3D2F4}.Release|Any CPU.Build.0 = Release|Any CPU
		{D82E744B-CA7A-4F83-91A7-D327CFD3D2F4}.Release|iPhone.ActiveCfg = Release|Any CPU
		{D82E744B-CA7A-4F83-91A7-D327CFD3D2F4}.Release|iPhone.Build.0 = Release|Any CPU
		{D82E744B-CA7A-4F83-91A7-D327CFD3D2F4}.Release|iPhoneSimulator.ActiveCfg = Release|Any CPU
		{D82E744B-CA7A-4F83-91A7-D327CFD3D2F4}.Release|iPhoneSimulator.Build.0 = Release|Any CPU
		{64D8F912-9AC3-4C9A-ABC8-EDA4560876B9}.Debug|Any CPU.ActiveCfg = Debug|Any CPU
		{64D8F912-9AC3-4C9A-ABC8-EDA4560876B9}.Debug|Any CPU.Build.0 = Debug|Any CPU
		{64D8F912-9AC3-4C9A-ABC8-EDA4560876B9}.Debug|iPhone.ActiveCfg = Debug|Any CPU
		{64D8F912-9AC3-4C9A-ABC8-EDA4560876B9}.Debug|iPhone.Build.0 = Debug|Any CPU
		{64D8F912-9AC3-4C9A-ABC8-EDA4560876B9}.Debug|iPhoneSimulator.ActiveCfg = Debug|Any CPU
		{64D8F912-9AC3-4C9A-ABC8-EDA4560876B9}.Debug|iPhoneSimulator.Build.0 = Debug|Any CPU
		{64D8F912-9AC3-4C9A-ABC8-EDA4560876B9}.Release|Any CPU.ActiveCfg = Release|Any CPU
		{64D8F912-9AC3-4C9A-ABC8-EDA4560876B9}.Release|Any CPU.Build.0 = Release|Any CPU
		{64D8F912-9AC3-4C9A-ABC8-EDA4560876B9}.Release|iPhone.ActiveCfg = Release|Any CPU
		{64D8F912-9AC3-4C9A-ABC8-EDA4560876B9}.Release|iPhone.Build.0 = Release|Any CPU
		{64D8F912-9AC3-4C9A-ABC8-EDA4560876B9}.Release|iPhoneSimulator.ActiveCfg = Release|Any CPU
		{64D8F912-9AC3-4C9A-ABC8-EDA4560876B9}.Release|iPhoneSimulator.Build.0 = Release|Any CPU
		{C9A0ADD4-059B-45CA-A624-07C0688C7E03}.Debug|Any CPU.ActiveCfg = Debug|Any CPU
		{C9A0ADD4-059B-45CA-A624-07C0688C7E03}.Debug|Any CPU.Build.0 = Debug|Any CPU
		{C9A0ADD4-059B-45CA-A624-07C0688C7E03}.Debug|iPhone.ActiveCfg = Debug|Any CPU
		{C9A0ADD4-059B-45CA-A624-07C0688C7E03}.Debug|iPhone.Build.0 = Debug|Any CPU
		{C9A0ADD4-059B-45CA-A624-07C0688C7E03}.Debug|iPhoneSimulator.ActiveCfg = Debug|Any CPU
		{C9A0ADD4-059B-45CA-A624-07C0688C7E03}.Debug|iPhoneSimulator.Build.0 = Debug|Any CPU
		{C9A0ADD4-059B-45CA-A624-07C0688C7E03}.Release|Any CPU.ActiveCfg = Release|Any CPU
		{C9A0ADD4-059B-45CA-A624-07C0688C7E03}.Release|Any CPU.Build.0 = Release|Any CPU
		{C9A0ADD4-059B-45CA-A624-07C0688C7E03}.Release|iPhone.ActiveCfg = Release|Any CPU
		{C9A0ADD4-059B-45CA-A624-07C0688C7E03}.Release|iPhone.Build.0 = Release|Any CPU
		{C9A0ADD4-059B-45CA-A624-07C0688C7E03}.Release|iPhoneSimulator.ActiveCfg = Release|Any CPU
		{C9A0ADD4-059B-45CA-A624-07C0688C7E03}.Release|iPhoneSimulator.Build.0 = Release|Any CPU
		{C3253D4F-ABD9-4E2B-9A29-457DC841860B}.Debug|Any CPU.ActiveCfg = Debug|Any CPU
		{C3253D4F-ABD9-4E2B-9A29-457DC841860B}.Debug|Any CPU.Build.0 = Debug|Any CPU
		{C3253D4F-ABD9-4E2B-9A29-457DC841860B}.Debug|iPhone.ActiveCfg = Debug|Any CPU
		{C3253D4F-ABD9-4E2B-9A29-457DC841860B}.Debug|iPhone.Build.0 = Debug|Any CPU
		{C3253D4F-ABD9-4E2B-9A29-457DC841860B}.Debug|iPhoneSimulator.ActiveCfg = Debug|Any CPU
		{C3253D4F-ABD9-4E2B-9A29-457DC841860B}.Debug|iPhoneSimulator.Build.0 = Debug|Any CPU
		{C3253D4F-ABD9-4E2B-9A29-457DC841860B}.Release|Any CPU.ActiveCfg = Release|Any CPU
		{C3253D4F-ABD9-4E2B-9A29-457DC841860B}.Release|Any CPU.Build.0 = Release|Any CPU
		{C3253D4F-ABD9-4E2B-9A29-457DC841860B}.Release|iPhone.ActiveCfg = Release|Any CPU
		{C3253D4F-ABD9-4E2B-9A29-457DC841860B}.Release|iPhone.Build.0 = Release|Any CPU
		{C3253D4F-ABD9-4E2B-9A29-457DC841860B}.Release|iPhoneSimulator.ActiveCfg = Release|Any CPU
		{C3253D4F-ABD9-4E2B-9A29-457DC841860B}.Release|iPhoneSimulator.Build.0 = Release|Any CPU
		{FED75FF6-F07A-46C0-8A3C-1315615D538E}.Debug|Any CPU.ActiveCfg = Debug|Any CPU
		{FED75FF6-F07A-46C0-8A3C-1315615D538E}.Debug|Any CPU.Build.0 = Debug|Any CPU
		{FED75FF6-F07A-46C0-8A3C-1315615D538E}.Debug|iPhone.ActiveCfg = Debug|Any CPU
		{FED75FF6-F07A-46C0-8A3C-1315615D538E}.Debug|iPhone.Build.0 = Debug|Any CPU
		{FED75FF6-F07A-46C0-8A3C-1315615D538E}.Debug|iPhoneSimulator.ActiveCfg = Debug|Any CPU
		{FED75FF6-F07A-46C0-8A3C-1315615D538E}.Debug|iPhoneSimulator.Build.0 = Debug|Any CPU
		{FED75FF6-F07A-46C0-8A3C-1315615D538E}.Release|Any CPU.ActiveCfg = Release|Any CPU
		{FED75FF6-F07A-46C0-8A3C-1315615D538E}.Release|Any CPU.Build.0 = Release|Any CPU
		{FED75FF6-F07A-46C0-8A3C-1315615D538E}.Release|iPhone.ActiveCfg = Release|Any CPU
		{FED75FF6-F07A-46C0-8A3C-1315615D538E}.Release|iPhone.Build.0 = Release|Any CPU
		{FED75FF6-F07A-46C0-8A3C-1315615D538E}.Release|iPhoneSimulator.ActiveCfg = Release|Any CPU
		{FED75FF6-F07A-46C0-8A3C-1315615D538E}.Release|iPhoneSimulator.Build.0 = Release|Any CPU
		{2D5A4728-11A2-486E-B876-EF3E38A6536D}.Debug|Any CPU.ActiveCfg = Debug|Any CPU
		{2D5A4728-11A2-486E-B876-EF3E38A6536D}.Debug|Any CPU.Build.0 = Debug|Any CPU
		{2D5A4728-11A2-486E-B876-EF3E38A6536D}.Debug|iPhone.ActiveCfg = Debug|Any CPU
		{2D5A4728-11A2-486E-B876-EF3E38A6536D}.Debug|iPhone.Build.0 = Debug|Any CPU
		{2D5A4728-11A2-486E-B876-EF3E38A6536D}.Debug|iPhoneSimulator.ActiveCfg = Debug|Any CPU
		{2D5A4728-11A2-486E-B876-EF3E38A6536D}.Debug|iPhoneSimulator.Build.0 = Debug|Any CPU
		{2D5A4728-11A2-486E-B876-EF3E38A6536D}.Release|Any CPU.ActiveCfg = Release|Any CPU
		{2D5A4728-11A2-486E-B876-EF3E38A6536D}.Release|Any CPU.Build.0 = Release|Any CPU
		{2D5A4728-11A2-486E-B876-EF3E38A6536D}.Release|iPhone.ActiveCfg = Release|Any CPU
		{2D5A4728-11A2-486E-B876-EF3E38A6536D}.Release|iPhone.Build.0 = Release|Any CPU
		{2D5A4728-11A2-486E-B876-EF3E38A6536D}.Release|iPhoneSimulator.ActiveCfg = Release|Any CPU
		{2D5A4728-11A2-486E-B876-EF3E38A6536D}.Release|iPhoneSimulator.Build.0 = Release|Any CPU
		{EA3AB38D-9138-4259-A9DE-315452C47D81}.Debug|Any CPU.ActiveCfg = Debug|Any CPU
		{EA3AB38D-9138-4259-A9DE-315452C47D81}.Debug|Any CPU.Build.0 = Debug|Any CPU
		{EA3AB38D-9138-4259-A9DE-315452C47D81}.Debug|iPhone.ActiveCfg = Debug|Any CPU
		{EA3AB38D-9138-4259-A9DE-315452C47D81}.Debug|iPhone.Build.0 = Debug|Any CPU
		{EA3AB38D-9138-4259-A9DE-315452C47D81}.Debug|iPhoneSimulator.ActiveCfg = Debug|Any CPU
		{EA3AB38D-9138-4259-A9DE-315452C47D81}.Debug|iPhoneSimulator.Build.0 = Debug|Any CPU
		{EA3AB38D-9138-4259-A9DE-315452C47D81}.Release|Any CPU.ActiveCfg = Release|Any CPU
		{EA3AB38D-9138-4259-A9DE-315452C47D81}.Release|Any CPU.Build.0 = Release|Any CPU
		{EA3AB38D-9138-4259-A9DE-315452C47D81}.Release|iPhone.ActiveCfg = Release|Any CPU
		{EA3AB38D-9138-4259-A9DE-315452C47D81}.Release|iPhone.Build.0 = Release|Any CPU
		{EA3AB38D-9138-4259-A9DE-315452C47D81}.Release|iPhoneSimulator.ActiveCfg = Release|Any CPU
		{EA3AB38D-9138-4259-A9DE-315452C47D81}.Release|iPhoneSimulator.Build.0 = Release|Any CPU
		{D0673FF8-0859-46C2-B152-E0763B3CB705}.Debug|Any CPU.ActiveCfg = Debug|Any CPU
		{D0673FF8-0859-46C2-B152-E0763B3CB705}.Debug|Any CPU.Build.0 = Debug|Any CPU
		{D0673FF8-0859-46C2-B152-E0763B3CB705}.Debug|Any CPU.Deploy.0 = Debug|Any CPU
		{D0673FF8-0859-46C2-B152-E0763B3CB705}.Debug|iPhone.ActiveCfg = Debug|Any CPU
		{D0673FF8-0859-46C2-B152-E0763B3CB705}.Debug|iPhone.Build.0 = Debug|Any CPU
		{D0673FF8-0859-46C2-B152-E0763B3CB705}.Debug|iPhone.Deploy.0 = Debug|Any CPU
		{D0673FF8-0859-46C2-B152-E0763B3CB705}.Debug|iPhoneSimulator.ActiveCfg = Debug|Any CPU
		{D0673FF8-0859-46C2-B152-E0763B3CB705}.Debug|iPhoneSimulator.Build.0 = Debug|Any CPU
		{D0673FF8-0859-46C2-B152-E0763B3CB705}.Debug|iPhoneSimulator.Deploy.0 = Debug|Any CPU
		{D0673FF8-0859-46C2-B152-E0763B3CB705}.Release|Any CPU.ActiveCfg = Release|Any CPU
		{D0673FF8-0859-46C2-B152-E0763B3CB705}.Release|Any CPU.Build.0 = Release|Any CPU
		{D0673FF8-0859-46C2-B152-E0763B3CB705}.Release|Any CPU.Deploy.0 = Release|Any CPU
		{D0673FF8-0859-46C2-B152-E0763B3CB705}.Release|iPhone.ActiveCfg = Release|Any CPU
		{D0673FF8-0859-46C2-B152-E0763B3CB705}.Release|iPhone.Build.0 = Release|Any CPU
		{D0673FF8-0859-46C2-B152-E0763B3CB705}.Release|iPhone.Deploy.0 = Release|Any CPU
		{D0673FF8-0859-46C2-B152-E0763B3CB705}.Release|iPhoneSimulator.ActiveCfg = Release|Any CPU
		{D0673FF8-0859-46C2-B152-E0763B3CB705}.Release|iPhoneSimulator.Build.0 = Release|Any CPU
		{D0673FF8-0859-46C2-B152-E0763B3CB705}.Release|iPhoneSimulator.Deploy.0 = Release|Any CPU
		{198593FE-2BCD-47AB-8431-42DE63488989}.Debug|Any CPU.ActiveCfg = Debug|iPhone
		{198593FE-2BCD-47AB-8431-42DE63488989}.Debug|iPhone.ActiveCfg = Debug|iPhone
		{198593FE-2BCD-47AB-8431-42DE63488989}.Debug|iPhone.Build.0 = Debug|iPhone
		{198593FE-2BCD-47AB-8431-42DE63488989}.Debug|iPhoneSimulator.ActiveCfg = Debug|iPhoneSimulator
		{198593FE-2BCD-47AB-8431-42DE63488989}.Debug|iPhoneSimulator.Build.0 = Debug|iPhoneSimulator
		{198593FE-2BCD-47AB-8431-42DE63488989}.Release|Any CPU.ActiveCfg = Release|iPhone
		{198593FE-2BCD-47AB-8431-42DE63488989}.Release|iPhone.ActiveCfg = Release|iPhone
		{198593FE-2BCD-47AB-8431-42DE63488989}.Release|iPhone.Build.0 = Release|iPhone
		{198593FE-2BCD-47AB-8431-42DE63488989}.Release|iPhoneSimulator.ActiveCfg = Release|iPhoneSimulator
		{198593FE-2BCD-47AB-8431-42DE63488989}.Release|iPhoneSimulator.Build.0 = Release|iPhoneSimulator
		{78866E8F-D45E-4125-8ED2-27744790C35A}.Debug|Any CPU.ActiveCfg = Debug|Any CPU
		{78866E8F-D45E-4125-8ED2-27744790C35A}.Debug|Any CPU.Build.0 = Debug|Any CPU
		{78866E8F-D45E-4125-8ED2-27744790C35A}.Debug|iPhone.ActiveCfg = Debug|Any CPU
		{78866E8F-D45E-4125-8ED2-27744790C35A}.Debug|iPhone.Build.0 = Debug|Any CPU
		{78866E8F-D45E-4125-8ED2-27744790C35A}.Debug|iPhoneSimulator.ActiveCfg = Debug|Any CPU
		{78866E8F-D45E-4125-8ED2-27744790C35A}.Debug|iPhoneSimulator.Build.0 = Debug|Any CPU
		{78866E8F-D45E-4125-8ED2-27744790C35A}.Release|Any CPU.ActiveCfg = Release|Any CPU
		{78866E8F-D45E-4125-8ED2-27744790C35A}.Release|Any CPU.Build.0 = Release|Any CPU
		{78866E8F-D45E-4125-8ED2-27744790C35A}.Release|iPhone.ActiveCfg = Release|Any CPU
		{78866E8F-D45E-4125-8ED2-27744790C35A}.Release|iPhone.Build.0 = Release|Any CPU
		{78866E8F-D45E-4125-8ED2-27744790C35A}.Release|iPhoneSimulator.ActiveCfg = Release|Any CPU
		{78866E8F-D45E-4125-8ED2-27744790C35A}.Release|iPhoneSimulator.Build.0 = Release|Any CPU
		{1B3AE5F0-DF4D-46C9-83BD-3D44F34E6052}.Debug|Any CPU.ActiveCfg = Debug|Any CPU
		{1B3AE5F0-DF4D-46C9-83BD-3D44F34E6052}.Debug|Any CPU.Build.0 = Debug|Any CPU
		{1B3AE5F0-DF4D-46C9-83BD-3D44F34E6052}.Debug|iPhone.ActiveCfg = Debug|Any CPU
		{1B3AE5F0-DF4D-46C9-83BD-3D44F34E6052}.Debug|iPhone.Build.0 = Debug|Any CPU
		{1B3AE5F0-DF4D-46C9-83BD-3D44F34E6052}.Debug|iPhoneSimulator.ActiveCfg = Debug|Any CPU
		{1B3AE5F0-DF4D-46C9-83BD-3D44F34E6052}.Debug|iPhoneSimulator.Build.0 = Debug|Any CPU
		{1B3AE5F0-DF4D-46C9-83BD-3D44F34E6052}.Release|Any CPU.ActiveCfg = Release|Any CPU
		{1B3AE5F0-DF4D-46C9-83BD-3D44F34E6052}.Release|Any CPU.Build.0 = Release|Any CPU
		{1B3AE5F0-DF4D-46C9-83BD-3D44F34E6052}.Release|iPhone.ActiveCfg = Release|Any CPU
		{1B3AE5F0-DF4D-46C9-83BD-3D44F34E6052}.Release|iPhone.Build.0 = Release|Any CPU
		{1B3AE5F0-DF4D-46C9-83BD-3D44F34E6052}.Release|iPhoneSimulator.ActiveCfg = Release|Any CPU
		{1B3AE5F0-DF4D-46C9-83BD-3D44F34E6052}.Release|iPhoneSimulator.Build.0 = Release|Any CPU
		{D71E2CE8-2DED-491E-8566-2EAFE3C99826}.Debug|Any CPU.ActiveCfg = Debug|Any CPU
		{D71E2CE8-2DED-491E-8566-2EAFE3C99826}.Debug|Any CPU.Build.0 = Debug|Any CPU
		{D71E2CE8-2DED-491E-8566-2EAFE3C99826}.Debug|iPhone.ActiveCfg = Debug|Any CPU
		{D71E2CE8-2DED-491E-8566-2EAFE3C99826}.Debug|iPhone.Build.0 = Debug|Any CPU
		{D71E2CE8-2DED-491E-8566-2EAFE3C99826}.Debug|iPhoneSimulator.ActiveCfg = Debug|Any CPU
		{D71E2CE8-2DED-491E-8566-2EAFE3C99826}.Debug|iPhoneSimulator.Build.0 = Debug|Any CPU
		{D71E2CE8-2DED-491E-8566-2EAFE3C99826}.Release|Any CPU.ActiveCfg = Release|Any CPU
		{D71E2CE8-2DED-491E-8566-2EAFE3C99826}.Release|Any CPU.Build.0 = Release|Any CPU
		{D71E2CE8-2DED-491E-8566-2EAFE3C99826}.Release|iPhone.ActiveCfg = Release|Any CPU
		{D71E2CE8-2DED-491E-8566-2EAFE3C99826}.Release|iPhone.Build.0 = Release|Any CPU
		{D71E2CE8-2DED-491E-8566-2EAFE3C99826}.Release|iPhoneSimulator.ActiveCfg = Release|Any CPU
		{D71E2CE8-2DED-491E-8566-2EAFE3C99826}.Release|iPhoneSimulator.Build.0 = Release|Any CPU
		{C50B0DD6-AC01-40FB-BD65-301DB0FE0050}.Debug|Any CPU.ActiveCfg = Debug|Any CPU
		{C50B0DD6-AC01-40FB-BD65-301DB0FE0050}.Debug|Any CPU.Build.0 = Debug|Any CPU
		{C50B0DD6-AC01-40FB-BD65-301DB0FE0050}.Debug|iPhone.ActiveCfg = Debug|Any CPU
		{C50B0DD6-AC01-40FB-BD65-301DB0FE0050}.Debug|iPhone.Build.0 = Debug|Any CPU
		{C50B0DD6-AC01-40FB-BD65-301DB0FE0050}.Debug|iPhoneSimulator.ActiveCfg = Debug|Any CPU
		{C50B0DD6-AC01-40FB-BD65-301DB0FE0050}.Debug|iPhoneSimulator.Build.0 = Debug|Any CPU
		{C50B0DD6-AC01-40FB-BD65-301DB0FE0050}.Release|Any CPU.ActiveCfg = Release|Any CPU
		{C50B0DD6-AC01-40FB-BD65-301DB0FE0050}.Release|Any CPU.Build.0 = Release|Any CPU
		{C50B0DD6-AC01-40FB-BD65-301DB0FE0050}.Release|iPhone.ActiveCfg = Release|Any CPU
		{C50B0DD6-AC01-40FB-BD65-301DB0FE0050}.Release|iPhone.Build.0 = Release|Any CPU
		{C50B0DD6-AC01-40FB-BD65-301DB0FE0050}.Release|iPhoneSimulator.ActiveCfg = Release|Any CPU
		{C50B0DD6-AC01-40FB-BD65-301DB0FE0050}.Release|iPhoneSimulator.Build.0 = Release|Any CPU
		{B078D570-5844-4BC8-ABC3-9BF8BA7E0545}.Debug|Any CPU.ActiveCfg = Debug|Any CPU
		{B078D570-5844-4BC8-ABC3-9BF8BA7E0545}.Debug|Any CPU.Build.0 = Debug|Any CPU
		{B078D570-5844-4BC8-ABC3-9BF8BA7E0545}.Debug|iPhone.ActiveCfg = Debug|Any CPU
		{B078D570-5844-4BC8-ABC3-9BF8BA7E0545}.Debug|iPhone.Build.0 = Debug|Any CPU
		{B078D570-5844-4BC8-ABC3-9BF8BA7E0545}.Debug|iPhoneSimulator.ActiveCfg = Debug|Any CPU
		{B078D570-5844-4BC8-ABC3-9BF8BA7E0545}.Debug|iPhoneSimulator.Build.0 = Debug|Any CPU
		{B078D570-5844-4BC8-ABC3-9BF8BA7E0545}.Release|Any CPU.ActiveCfg = Release|Any CPU
		{B078D570-5844-4BC8-ABC3-9BF8BA7E0545}.Release|Any CPU.Build.0 = Release|Any CPU
		{B078D570-5844-4BC8-ABC3-9BF8BA7E0545}.Release|iPhone.ActiveCfg = Release|Any CPU
		{B078D570-5844-4BC8-ABC3-9BF8BA7E0545}.Release|iPhone.Build.0 = Release|Any CPU
		{B078D570-5844-4BC8-ABC3-9BF8BA7E0545}.Release|iPhoneSimulator.ActiveCfg = Release|Any CPU
		{B078D570-5844-4BC8-ABC3-9BF8BA7E0545}.Release|iPhoneSimulator.Build.0 = Release|Any CPU
	EndGlobalSection
	GlobalSection(SolutionProperties) = preSolution
		HideSolutionNode = FALSE
	EndGlobalSection
	GlobalSection(ExtensibilityGlobals) = postSolution
		SolutionGuid = {F932EF92-24A3-4530-894B-403D12307606}
	EndGlobalSection
EndGlobal
