
Microsoft Visual Studio Solution File, Format Version 12.00
# Visual Studio Version 16
VisualStudioVersion = 16.0.29318.209
MinimumVisualStudioVersion = 10.0.40219.1
Project("{FAE04EC0-301F-11D3-BF4B-00C04F79EFBC}") = "CiuchApp.Droid", "CiuchAppSuite\CiuchApp.Droid.csproj", "{926A2D3B-7E8C-4061-BC32-41FE3A879021}"
EndProject
Project("{9A19103F-16F7-4668-BE54-9A1E7A4F7556}") = "CiuchApp.ApiClient", "CiuchApp.ApiClient\CiuchApp.ApiClient.csproj", "{AD8E678C-071C-4E66-AFCC-2C61A575333A}"
EndProject
Project("{9A19103F-16F7-4668-BE54-9A1E7A4F7556}") = "CiuchApp.Common", "CiuchApp.Common\CiuchApp.Common.csproj", "{8B869390-13E8-4213-8163-81D8449F3B0D}"
EndProject
Project("{9A19103F-16F7-4668-BE54-9A1E7A4F7556}") = "CiuchApp.Dashboard", "CiuchApp.Dashboard\CiuchApp.Dashboard.csproj", "{60A5596C-CC3C-4D92-83C1-8E2EACFBD7BE}"
EndProject
Project("{9A19103F-16F7-4668-BE54-9A1E7A4F7556}") = "CiuchApp.DataAccess", "CiuchApp.DataAccess\CiuchApp.DataAccess.csproj", "{7F3F96A0-0059-40BC-A864-2C8467AE29D9}"
EndProject
Project("{FAE04EC0-301F-11D3-BF4B-00C04F79EFBC}") = "CiuchApp.DataAccess.Tests", "CiuchApp.DataAccess.Tests\CiuchApp.DataAccess.Tests.csproj", "{715277FB-8548-4DCA-8139-49372FC04C51}"
EndProject
Project("{9A19103F-16F7-4668-BE54-9A1E7A4F7556}") = "CiuchApp.Domain", "CiuchApp.Domain\CiuchApp.Domain.csproj", "{C7F379DF-3B70-4AF5-9C3E-B44E40DB9426}"
EndProject
Project("{FAE04EC0-301F-11D3-BF4B-00C04F79EFBC}") = "CiuchApp.Domain.Tests", "CiuchApp.Domain.Tests\CiuchApp.Domain.Tests.csproj", "{D82E744B-CA7A-4F83-91A7-D327CFD3D2F4}"
EndProject
Project("{FAE04EC0-301F-11D3-BF4B-00C04F79EFBC}") = "CiuchApp.Excel", "CiuchApp.Excel\CiuchApp.Excel.csproj", "{64D8F912-9AC3-4C9A-ABC8-EDA4560876B9}"
EndProject
Project("{FAE04EC0-301F-11D3-BF4B-00C04F79EFBC}") = "CiuchApp.Excel.Tests", "CiuchApp.Excel.Tests\CiuchApp.Excel.Tests.csproj", "{C9A0ADD4-059B-45CA-A624-07C0688C7E03}"
EndProject
Project("{FAE04EC0-301F-11D3-BF4B-00C04F79EFBC}") = "CiuchApp.ImageAI", "CiuchApp.ImageAI\CiuchApp.ImageAI.csproj", "{C3253D4F-ABD9-4E2B-9A29-457DC841860B}"
EndProject
Project("{FAE04EC0-301F-11D3-BF4B-00C04F79EFBC}") = "CiuchApp.ImageAI.Tests", "CiuchApp.ImageAI.Tests\CiuchApp.ImageAI.Tests.csproj", "{FED75FF6-F07A-46C0-8A3C-1315615D538E}"
EndProject
Project("{FAE04EC0-301F-11D3-BF4B-00C04F79EFBC}") = "CiuchApp.Droid.UITests", "CiuchApp.Mobile.UITests\CiuchApp.Droid.UITests.csproj", "{B19C892E-2628-4CA7-AD27-08D406A3B14B}"
EndProject
Project("{9A19103F-16F7-4668-BE54-9A1E7A4F7556}") = "CiuchApp.Settings", "CiuchApp.Settings\CiuchApp.Settings.csproj", "{2D5A4728-11A2-486E-B876-EF3E38A6536D}"
EndProject
Project("{FAE04EC0-301F-11D3-BF4B-00C04F79EFBC}") = "CiuchApp.Settings.Tests", "CiuchApp.Settings.Tests\CiuchApp.Settings.Tests.csproj", "{EA3AB38D-9138-4259-A9DE-315452C47D81}"
EndProject
Project("{2150E333-8FDC-42A3-9474-1A3956D46DE8}") = "Solution Items", "Solution Items", "{C63F09EC-2535-49F6-B490-645F80F26FCB}"
	ProjectSection(SolutionItems) = preProject
		BusinessRequirements.txt = BusinessRequirements.txt
		KnownIssues+Instruction.txt = KnownIssues+Instruction.txt
		PLAN+TODO.txt = PLAN+TODO.txt
		Release+Deployment.txt = Release+Deployment.txt
	EndProjectSection
EndProject
Global
	GlobalSection(SolutionConfigurationPlatforms) = preSolution
		Debug|Any CPU = Debug|Any CPU
		Release|Any CPU = Release|Any CPU
	EndGlobalSection
	GlobalSection(ProjectConfigurationPlatforms) = postSolution
		{926A2D3B-7E8C-4061-BC32-41FE3A879021}.Debug|Any CPU.ActiveCfg = Debug|Any CPU
		{926A2D3B-7E8C-4061-BC32-41FE3A879021}.Debug|Any CPU.Build.0 = Debug|Any CPU
		{926A2D3B-7E8C-4061-BC32-41FE3A879021}.Debug|Any CPU.Deploy.0 = Debug|Any CPU
		{926A2D3B-7E8C-4061-BC32-41FE3A879021}.Release|Any CPU.ActiveCfg = Release|Any CPU
		{926A2D3B-7E8C-4061-BC32-41FE3A879021}.Release|Any CPU.Build.0 = Release|Any CPU
		{926A2D3B-7E8C-4061-BC32-41FE3A879021}.Release|Any CPU.Deploy.0 = Release|Any CPU
		{AD8E678C-071C-4E66-AFCC-2C61A575333A}.Debug|Any CPU.ActiveCfg = Debug|Any CPU
		{AD8E678C-071C-4E66-AFCC-2C61A575333A}.Debug|Any CPU.Build.0 = Debug|Any CPU
		{AD8E678C-071C-4E66-AFCC-2C61A575333A}.Release|Any CPU.ActiveCfg = Release|Any CPU
		{AD8E678C-071C-4E66-AFCC-2C61A575333A}.Release|Any CPU.Build.0 = Release|Any CPU
		{8B869390-13E8-4213-8163-81D8449F3B0D}.Debug|Any CPU.ActiveCfg = Debug|Any CPU
		{8B869390-13E8-4213-8163-81D8449F3B0D}.Debug|Any CPU.Build.0 = Debug|Any CPU
		{8B869390-13E8-4213-8163-81D8449F3B0D}.Release|Any CPU.ActiveCfg = Release|Any CPU
		{8B869390-13E8-4213-8163-81D8449F3B0D}.Release|Any CPU.Build.0 = Release|Any CPU
		{60A5596C-CC3C-4D92-83C1-8E2EACFBD7BE}.Debug|Any CPU.ActiveCfg = Debug|Any CPU
		{60A5596C-CC3C-4D92-83C1-8E2EACFBD7BE}.Debug|Any CPU.Build.0 = Debug|Any CPU
		{60A5596C-CC3C-4D92-83C1-8E2EACFBD7BE}.Release|Any CPU.ActiveCfg = Release|Any CPU
		{60A5596C-CC3C-4D92-83C1-8E2EACFBD7BE}.Release|Any CPU.Build.0 = Release|Any CPU
		{7F3F96A0-0059-40BC-A864-2C8467AE29D9}.Debug|Any CPU.ActiveCfg = Debug|Any CPU
		{7F3F96A0-0059-40BC-A864-2C8467AE29D9}.Debug|Any CPU.Build.0 = Debug|Any CPU
		{7F3F96A0-0059-40BC-A864-2C8467AE29D9}.Release|Any CPU.ActiveCfg = Release|Any CPU
		{7F3F96A0-0059-40BC-A864-2C8467AE29D9}.Release|Any CPU.Build.0 = Release|Any CPU
		{715277FB-8548-4DCA-8139-49372FC04C51}.Debug|Any CPU.ActiveCfg = Debug|Any CPU
		{715277FB-8548-4DCA-8139-49372FC04C51}.Debug|Any CPU.Build.0 = Debug|Any CPU
		{715277FB-8548-4DCA-8139-49372FC04C51}.Release|Any CPU.ActiveCfg = Release|Any CPU
		{715277FB-8548-4DCA-8139-49372FC04C51}.Release|Any CPU.Build.0 = Release|Any CPU
		{C7F379DF-3B70-4AF5-9C3E-B44E40DB9426}.Debug|Any CPU.ActiveCfg = Debug|Any CPU
		{C7F379DF-3B70-4AF5-9C3E-B44E40DB9426}.Debug|Any CPU.Build.0 = Debug|Any CPU
		{C7F379DF-3B70-4AF5-9C3E-B44E40DB9426}.Release|Any CPU.ActiveCfg = Release|Any CPU
		{C7F379DF-3B70-4AF5-9C3E-B44E40DB9426}.Release|Any CPU.Build.0 = Release|Any CPU
		{D82E744B-CA7A-4F83-91A7-D327CFD3D2F4}.Debug|Any CPU.ActiveCfg = Debug|Any CPU
		{D82E744B-CA7A-4F83-91A7-D327CFD3D2F4}.Debug|Any CPU.Build.0 = Debug|Any CPU
		{D82E744B-CA7A-4F83-91A7-D327CFD3D2F4}.Release|Any CPU.ActiveCfg = Release|Any CPU
		{D82E744B-CA7A-4F83-91A7-D327CFD3D2F4}.Release|Any CPU.Build.0 = Release|Any CPU
		{64D8F912-9AC3-4C9A-ABC8-EDA4560876B9}.Debug|Any CPU.ActiveCfg = Debug|Any CPU
		{64D8F912-9AC3-4C9A-ABC8-EDA4560876B9}.Debug|Any CPU.Build.0 = Debug|Any CPU
		{64D8F912-9AC3-4C9A-ABC8-EDA4560876B9}.Release|Any CPU.ActiveCfg = Release|Any CPU
		{64D8F912-9AC3-4C9A-ABC8-EDA4560876B9}.Release|Any CPU.Build.0 = Release|Any CPU
		{C9A0ADD4-059B-45CA-A624-07C0688C7E03}.Debug|Any CPU.ActiveCfg = Debug|Any CPU
		{C9A0ADD4-059B-45CA-A624-07C0688C7E03}.Debug|Any CPU.Build.0 = Debug|Any CPU
		{C9A0ADD4-059B-45CA-A624-07C0688C7E03}.Release|Any CPU.ActiveCfg = Release|Any CPU
		{C9A0ADD4-059B-45CA-A624-07C0688C7E03}.Release|Any CPU.Build.0 = Release|Any CPU
		{C3253D4F-ABD9-4E2B-9A29-457DC841860B}.Debug|Any CPU.ActiveCfg = Debug|Any CPU
		{C3253D4F-ABD9-4E2B-9A29-457DC841860B}.Debug|Any CPU.Build.0 = Debug|Any CPU
		{C3253D4F-ABD9-4E2B-9A29-457DC841860B}.Release|Any CPU.ActiveCfg = Release|Any CPU
		{C3253D4F-ABD9-4E2B-9A29-457DC841860B}.Release|Any CPU.Build.0 = Release|Any CPU
		{FED75FF6-F07A-46C0-8A3C-1315615D538E}.Debug|Any CPU.ActiveCfg = Debug|Any CPU
		{FED75FF6-F07A-46C0-8A3C-1315615D538E}.Debug|Any CPU.Build.0 = Debug|Any CPU
		{FED75FF6-F07A-46C0-8A3C-1315615D538E}.Release|Any CPU.ActiveCfg = Release|Any CPU
		{FED75FF6-F07A-46C0-8A3C-1315615D538E}.Release|Any CPU.Build.0 = Release|Any CPU
		{B19C892E-2628-4CA7-AD27-08D406A3B14B}.Debug|Any CPU.ActiveCfg = Debug|Any CPU
		{B19C892E-2628-4CA7-AD27-08D406A3B14B}.Debug|Any CPU.Build.0 = Debug|Any CPU
		{B19C892E-2628-4CA7-AD27-08D406A3B14B}.Release|Any CPU.ActiveCfg = Release|Any CPU
		{B19C892E-2628-4CA7-AD27-08D406A3B14B}.Release|Any CPU.Build.0 = Release|Any CPU
		{2D5A4728-11A2-486E-B876-EF3E38A6536D}.Debug|Any CPU.ActiveCfg = Debug|Any CPU
		{2D5A4728-11A2-486E-B876-EF3E38A6536D}.Debug|Any CPU.Build.0 = Debug|Any CPU
		{2D5A4728-11A2-486E-B876-EF3E38A6536D}.Release|Any CPU.ActiveCfg = Release|Any CPU
		{2D5A4728-11A2-486E-B876-EF3E38A6536D}.Release|Any CPU.Build.0 = Release|Any CPU
		{EA3AB38D-9138-4259-A9DE-315452C47D81}.Debug|Any CPU.ActiveCfg = Debug|Any CPU
		{EA3AB38D-9138-4259-A9DE-315452C47D81}.Debug|Any CPU.Build.0 = Debug|Any CPU
		{EA3AB38D-9138-4259-A9DE-315452C47D81}.Release|Any CPU.ActiveCfg = Release|Any CPU
		{EA3AB38D-9138-4259-A9DE-315452C47D81}.Release|Any CPU.Build.0 = Release|Any CPU
	EndGlobalSection
	GlobalSection(SolutionProperties) = preSolution
		HideSolutionNode = FALSE
	EndGlobalSection
	GlobalSection(ExtensibilityGlobals) = postSolution
		SolutionGuid = {F932EF92-24A3-4530-894B-403D12307606}
	EndGlobalSection
EndGlobal
